{
  "xtr-cache": {
    "bundles": {
      "xtr_cache.bundle:CacheBundle": "adopted"
    },
    "env": [],
    "files": {},
    "gitignore": [],
    "recipe": "cb1ef566cb2c0558e8229a0d6b4a563568be919ea18843acd1000507d1e6788a"
  },
  "xtr-clock": {
    "bundles": {
      "xtr_clock.bundle:ClockBundle": "required"
    },
    "env": [],
    "files": {},
    "gitignore": [],
    "recipe": "c3453eb7e75d36f47a5b67c3e6ae19672fcd8d1987feba27c56a97319677bef1"
  },
  "xtr-console": {
    "bundles": {
      "xtr_console.bundle:ConsoleBundle": "adopted"
    },
    "env": [],
    "files": {},
    "gitignore": [],
    "recipe": "71f483ee669527ba55efd0d24274f385bed52427a64bf5980bf17bbead395141"
  },
  "xtr-dotenv": {
    "bundles": {
      "xtr_dotenv.bundle:DotenvBundle": "adopted"
    },
    "env": [],
    "files": {},
    "gitignore": [],
    "recipe": "4f9aafe1bde82298c5cc3280aebeacb04070300a7483bf7a0641e0b803b44df6"
  },
  "xtr-event-dispatcher": {
    "bundles": {
      "xtr_event_dispatcher.bundle:EventDispatcherBundle": "adopted"
    },
    "env": [],
    "files": {},
    "gitignore": [],
    "recipe": "4067272614bb53e2b034ceb65bd08bbfd2e133c43cb6a090dc3e05f197390f86"
  },
  "xtr-http-kernel": {
    "bundles": {
      "xtr_http_kernel.bundle:HttpKernelBundle": "adopted"
    },
    "env": [],
    "files": {},
    "gitignore": [],
    "recipe": "afe8bfc3441356aa30512c1628a27403ec0506b58000ccf927dd6da369c70963"
  },
  "xtr-lock": {
    "bundles": {
      "xtr_lock.bundle:LockBundle": "adopted"
    },
    "env": [],
    "files": {},
    "gitignore": [],
    "recipe": "e8a7cc902b798bad63e980e96e519145c4d11a4691b585a23d8175b8e5b64657"
  },
  "xtr-logging": {
    "bundles": {
      "xtr_logging.bundle:LoggingBundle": "adopted"
    },
    "env": [],
    "files": {
      "src/bookshop/config/logging.py": {
        "adopted": true,
        "sha256": "410d1d2f9f37f5c56601e91c07b953499f65ab8273feb64aefa6d620d3ce3c10"
      }
    },
    "gitignore": [],
    "recipe": "d72c44240c28daf47fe842d42d468f17fa2084e5e407a6843279a8e0c31686df"
  },
  "xtr-messenger": {
    "bundles": {
      "xtr_messenger.bundle:MessengerBundle": "adopted"
    },
    "env": [],
    "files": {
      "src/bookshop/config/messenger.py": {
        "adopted": true,
        "sha256": "3b634b8ce27c461aa9739a7aec5b29c0cdc328d19787b83f43659c08f79355e9"
      }
    },
    "gitignore": [],
    "recipe": "1693e82984cd569a44ec7c76f79a43be104185028836790ccc1444d532c947e6"
  },
  "xtr-orm": {
    "bundles": {
      "xtr_orm.bundle:OrmBundle": "adopted"
    },
    "env": [],
    "files": {
      "src/bookshop/config/orm.py": {
        "adopted": true,
        "sha256": "466fb17900d606fd6394d0267271be46c0ec76a7c3a8ed7ba4aeb24e7c600ae2"
      }
    },
    "gitignore": [],
    "recipe": "2f11cbe2cbff051024538dc8da8490ef6be6ffc864e21a65c1db036d4e593615"
  },
  "xtr-rate-limiter": {
    "bundles": {
      "xtr_rate_limiter.bundle:RateLimiterBundle": "adopted"
    },
    "env": [],
    "files": {},
    "gitignore": [],
    "recipe": "8e79570fc3874a982e1e8da006050e6296885d5893315c8582d3381efb908aec"
  },
  "xtr-scheduler": {
    "bundles": {
      "xtr_scheduler.bundle:SchedulerBundle": "adopted"
    },
    "env": [],
    "files": {},
    "gitignore": [],
    "recipe": "034c734d2cc538162eec9e46803a691b15b2f4052a21d60a03b029fe5c6b0a11"
  },
  "xtr-security": {
    "bundles": {
      "xtr_security.bundle:SecurityBundle": "required"
    },
    "env": [],
    "files": {},
    "gitignore": [],
    "recipe": "9b735d7c4c9850ede10848ce946ae51ca1319830d1329e88e4066f6886cf6d13"
  },
  "xtr-security-jwt": {
    "bundles": {
      "xtr_security_jwt.bundle:JwtBundle": "adopted"
    },
    "env": [],
    "files": {
      "src/bookshop/config/jwt.py": {
        "adopted": true,
        "sha256": "4f7e09a93b21e871c35f81beb15a9fceae793a914f44ccb9408d5cb164c4c420"
      }
    },
    "gitignore": [],
    "recipe": "8f73e134f36cd92d91246b4eb6e0ba660441bb4f7a249d1a6463393f75d4745c"
  },
  "xtr-storage": {
    "bundles": {
      "xtr_storage.bundle:StorageBundle": "listed"
    },
    "env": [],
    "files": {},
    "gitignore": [
      "/var/storage/"
    ],
    "recipe": "f67963901bcd3c8a872f5b4c1455120433611e7ac5998784fc5256f4336079e3"
  }
}
